<?xml version="1.0" encoding="utf-8"?>
<Project ToolsVersion="4.0" xmlns="http://schemas.microsoft.com/developer/msbuild/2003">
  <ItemGroup>
    <Filter Include="源文件">
      <UniqueIdentifier>{4FC737F1-C7A5-4376-A066-2A32D752A2FF}</UniqueIdentifier>
      <Extensions>cpp;c;cc;cxx;def;odl;idl;hpj;bat;asm;asmx</Extensions>
    </Filter>
    <Filter Include="头文件">
      <UniqueIdentifier>{93995380-89BD-4b04-88EB-625FBE52EBFB}</UniqueIdentifier>
      <Extensions>h;hh;hpp;hxx;hm;inl;inc;xsd</Extensions>
    </Filter>
    <Filter Include="资源文件">
      <UniqueIdentifier>{67DA6AB6-F800-4c08-8B7A-83BB121AAD01}</UniqueIdentifier>
      <Extensions>rc;ico;cur;bmp;dlg;rc2;rct;bin;rgs;gif;jpg;jpeg;jpe;resx;tiff;tif;png;wav;mfcribbon-ms</Extensions>
    </Filter>
    <Filter Include="源文件\Problems#1-#16">
      <UniqueIdentifier>{73dfc151-fde0-4fc1-854e-7abf504fe93d}</UniqueIdentifier>
    </Filter>
    <Filter Include="源文件\Problems#17-#32">
      <UniqueIdentifier>{1a4e1c98-2214-4748-a2f1-3e92e8effc1e}</UniqueIdentifier>
    </Filter>
  </ItemGroup>
  <ItemGroup>
    <ClCompile Include="TwoSum.cc">
      <Filter>源文件\Problems#1-#16</Filter>
    </ClCompile>
    <ClCompile Include="AddTwoNumbers.cc">
      <Filter>源文件\Problems#1-#16</Filter>
    </ClCompile>
    <ClCompile Include="MedianOfTwoSortedArrays.cc">
      <Filter>源文件\Problems#1-#16</Filter>
    </ClCompile>
    <ClCompile Include="ZigZagConversion.cc">
      <Filter>源文件\Problems#1-#16</Filter>
    </ClCompile>
    <ClCompile Include="ReverseInteger.cc">
      <Filter>源文件\Problems#1-#16</Filter>
    </ClCompile>
    <ClCompile Include="StringToInteger.cc">
      <Filter>源文件\Problems#1-#16</Filter>
    </ClCompile>
    <ClCompile Include="RomanToInteger.cpp">
      <Filter>源文件\Problems#1-#16</Filter>
    </ClCompile>
    <ClCompile Include="3Sum.cc">
      <Filter>源文件\Problems#1-#16</Filter>
    </ClCompile>
  </ItemGroup>
</Project>